// !$*UTF8*$!
{
	archiveVersion = 1;
	classes = {
	};
	objectVersion = 46;
	objects = {

/* Begin PBXBuildFile section */
		D5C317A91CA11D1100CBE6CD /* main.m in Sources */ = {isa = PBXBuildFile; fileRef = D5C317A81CA11D1100CBE6CD /* main.m */; };
		D5C317AC1CA11D1100CBE6CD /* AppDelegate.m in Sources */ = {isa = PBXBuildFile; fileRef = D5C317AB1CA11D1100CBE6CD /* AppDelegate.m */; };
		D5C317AF1CA11D1100CBE6CD /* ViewController.m in Sources */ = {isa = PBXBuildFile; fileRef = D5C317AE1CA11D1100CBE6CD /* ViewController.m */; };
		D5C317B21CA11D1100CBE6CD /* Main.storyboard in Resources */ = {isa = PBXBuildFile; fileRef = D5C317B01CA11D1100CBE6CD /* Main.storyboard */; };
		D5C317B41CA11D1100CBE6CD /* Assets.xcassets in Resources */ = {isa = PBXBuildFile; fileRef = D5C317B31CA11D1100CBE6CD /* Assets.xcassets */; };
		D5C317B71CA11D1100CBE6CD /* LaunchScreen.storyboard in Resources */ = {isa = PBXBuildFile; fileRef = D5C317B51CA11D1100CBE6CD /* LaunchScreen.storyboard */; };
/* End PBXBuildFile section */

/* Begin PBXFileReference section */
		D5C317A41CA11D1100CBE6CD /* CalculatorApp2.app */ = {isa = PBXFileReference; explicitFileType = wrapper.application; includeInIndex = 0; path = CalculatorApp2.app; sourceTree = BUILT_PRODUCTS_DIR; };
		D5C317A81CA11D1100CBE6CD /* main.m */ = {isa = PBXFileReference; lastKnownFileType = sourcecode.c.objc; path = main.m; sourceTree = "<group>"; };
		D5C317AA1CA11D1100CBE6CD /* AppDelegate.h */ = {isa = PBXFileReference; lastKnownFileType = sourcecode.c.h; path = AppDelegate.h; sourceTree = "<group>"; };
		D5C317AB1CA11D1100CBE6CD /* AppDelegate.m */ = {isa = PBXFileReference; lastKnownFileType = sourcecode.c.objc; path = AppDelegate.m; sourceTree = "<group>"; };
		D5C317AD1CA11D1100CBE6CD /* ViewController.h */ = {isa = PBXFileReference; lastKnownFileType = sourcecode.c.h; path = ViewController.h; sourceTree = "<group>"; };
		D5C317AE1CA11D1100CBE6CD /* ViewController.m */ = {isa = PBXFileReference; lastKnownFileType = sourcecode.c.objc; path = ViewController.m; sourceTree = "<group>"; };
		D5C317B11CA11D1100CBE6CD /* Base */ = {isa = PBXFileReference; lastKnownFileType = file.storyboard; name = Base; path = Base.lproj/Main.storyboard; sourceTree = "<group>"; };
		D5C317B31CA11D1100CBE6CD /* Assets.xcassets */ = {isa = PBXFileReference; lastKnownFileType = folder.assetcatalog; path = Assets.xcassets; sourceTree = "<group>"; };
		D5C317B61CA11D1100CBE6CD /* Base */ = {isa = PBXFileReference; lastKnownFileType = file.storyboard; name = Base; path = Base.lproj/LaunchScreen.storyboard; sourceTree = "<group>"; };
		D5C317B81CA11D1100CBE6CD /* Info.plist */ = {isa = PBXFileReference; lastKnownFileType = text.plist.xml; path = Info.plist; sourceTree = "<group>"; };
/* End PBXFileReference section */

/* Begin PBXFrameworksBuildPhase section */
		D5C317A11CA11D1100CBE6CD /* Frameworks */ = {
			isa = PBXFrameworksBuildPhase;
			buildActionMask = 2147483647;
			files = (
			);
			runOnlyForDeploymentPostprocessing = 0;
		};
/* End PBXFrameworksBuildPhase section */

/* Begin PBXGroup section */
		D5C3179B1CA11D1100CBE6CD = {
			isa = PBXGroup;
			children = (
				D5C317A61CA11D1100CBE6CD /* CalculatorApp2 */,
				D5C317A51CA11D1100CBE6CD /* Products */,
			);
			sourceTree = "<group>";
		};
		D5C317A51CA11D1100CBE6CD /* Products */ = {
			isa = PBXGroup;
			children = (
				D5C317A41CA11D1100CBE6CD /* CalculatorApp2.app */,
			);
			name = Products;
			sourceTree = "<group>";
		};
		D5C317A61CA11D1100CBE6CD /* CalculatorApp2 */ = {
			isa = PBXGroup;
			children = (
				D5C317AA1CA11D1100CBE6CD /* AppDelegate.h */,
				D5C317AB1CA11D1100CBE6CD /* AppDelegate.m */,
				D5C317AD1CA11D1100CBE6CD /* ViewController.h */,
				D5C317AE1CA11D1100CBE6CD /* ViewController.m */,
				D5C317B01CA11D1100CBE6CD /* Main.storyboard */,
				D5C317B31CA11D1100CBE6CD /* Assets.xcassets */,
				D5C317B51CA11D1100CBE6CD /* LaunchScreen.storyboard */,
				D5C317B81CA11D1100CBE6CD /* Info.plist */,
				D5C317A71CA11D1100CBE6CD /* Supporting Files */,
			);
			path = CalculatorApp2;
			sourceTree = "<group>";
		};
		D5C317A71CA11D1100CBE6CD /* Supporting Files */ = {
			isa = PBXGroup;
			children = (
				D5C317A81CA11D1100CBE6CD /* main.m */,
			);
			name = "Supporting Files";
			sourceTree = "<group>";
		};
/* End PBXGroup section */

/* Begin PBXNativeTarget section */
		D5C317A31CA11D1100CBE6CD /* CalculatorApp2 */ = {
			isa = PBXNativeTarget;
			buildConfigurationList = D5C317BB1CA11D1100CBE6CD /* Build configuration list for PBXNativeTarget "CalculatorApp2" */;
			buildPhases = (
				D5C317A01CA11D1100CBE6CD /* Sources */,
				D5C317A11CA11D1100CBE6CD /* Frameworks */,
				D5C317A21CA11D1100CBE6CD /* Resources */,
			);
			buildRules = (
			);
			dependencies = (
			);
			name = CalculatorApp2;
			productName = CalculatorApp2;
			productReference = D5C317A41CA11D1100CBE6CD /* CalculatorApp2.app */;
			productType = "com.apple.product-type.application";
		};
/* End PBXNativeTarget section */

/* Begin PBXProject section */
		D5C3179C1CA11D1100CBE6CD /* Project object */ = {
			isa = PBXProject;
			attributes = {
				LastUpgradeCheck = 0730;
				ORGANIZATIONNAME = coriel;
				TargetAttributes = {
					D5C317A31CA11D1100CBE6CD = {
						CreatedOnToolsVersion = 7.3;
						DevelopmentTeam = WSYU4872LT;
					};
				};
			};
			buildConfigurationList = D5C3179F1CA11D1100CBE6CD /* Build configuration list for PBXProject "CalculatorApp2" */;
			compatibilityVersion = "Xcode 3.2";
			developmentRegion = English;
			hasScannedForEncodings = 0;
			knownRegions = (
				en,
				Base,
			);
			mainGroup = D5C3179B1CA11D1100CBE6CD;
			productRefGroup = D5C317A51CA11D1100CBE6CD /* Products */;
			projectDirPath = "";
			projectRoot = "";
			targets = (
				D5C317A31CA11D1100CBE6CD /* CalculatorApp2 */,
			);
		};
/* End PBXProject section */

/* Begin PBXResourcesBuildPhase section */
		D5C317A21CA11D1100CBE6CD /* Resources */ = {
			isa = PBXResourcesBuildPhase;
			buildActionMask = 2147483647;
			files = (
				D5C317B71CA11D1100CBE6CD /* LaunchScreen.storyboard in Resources */,
				D5C317B41CA11D1100CBE6CD /* Assets.xcassets in Resources */,
				D5C317B21CA11D1100CBE6CD /* Main.storyboard in Resources */,
			);
			runOnlyForDeploymentPostprocessing = 0;
		};
/* End PBXResourcesBuildPhase section */

/* Begin PBXSourcesBuildPhase section */
		D5C317A01CA11D1100CBE6CD /* Sources */ = {
			isa = PBXSourcesBuildPhase;
			buildActionMask = 2147483647;
			files = (
				D5C317AF1CA11D1100CBE6CD /* ViewController.m in Sources */,
				D5C317AC1CA11D1100CBE6CD /* AppDelegate.m in Sources */,
				D5C317A91CA11D1100CBE6CD /* main.m in Sources */,
			);
			runOnlyForDeploymentPostprocessing = 0;
		};
/* End PBXSourcesBuildPhase section */

/* Begin PBXVariantGroup section */
		D5C317B01CA11D1100CBE6CD /* Main.storyboard */ = {
			isa = PBXVariantGroup;
			children = (
				D5C317B11CA11D1100CBE6CD /* Base */,
			);
			name = Main.storyboard;
			sourceTree = "<group>";
		};
		D5C317B51CA11D1100CBE6CD /* LaunchScreen.storyboard */ = {
			isa = PBXVariantGroup;
			children = (
				D5C317B61CA11D1100CBE6CD /* Base */,
			);
			name = LaunchScreen.storyboard;
			sourceTree = "<group>";
		};
/* End PBXVariantGroup section */

/* Begin XCBuildConfiguration section */
		D5C317B91CA11D1100CBE6CD /* Debug */ = {
			isa = XCBuildConfiguration;
			buildSettings = {
				ALWAYS_SEARCH_USER_PATHS = NO;
				CLANG_ANALYZER_NONNULL = YES;
				CLANG_CXX_LANGUAGE_STANDARD = "gnu++0x";
				CLANG_CXX_LIBRARY = "libc++";
				CLANG_ENABLE_MODULES = YES;
				CLANG_ENABLE_OBJC_ARC = YES;
				CLANG_WARN_BOOL_CONVERSION = YES;
				CLANG_WARN_CONSTANT_CONVERSION = YES;
				CLANG_WARN_DIRECT_OBJC_ISA_USAGE = YES_ERROR;
				CLANG_WARN_EMPTY_BODY = YES;
				CLANG_WARN_ENUM_CONVERSION = YES;
				CLANG_WARN_INT_CONVERSION = YES;
				CLANG_WARN_OBJC_ROOT_CLASS = YES_ERROR;
				CLANG_WARN_UNREACHABLE_CODE = YES;
				CLANG_WARN__DUPLICATE_METHOD_MATCH = YES;
				"CODE_SIGN_IDENTITY[sdk=iphoneos*]" = "iPhone Developer";
				COPY_PHASE_STRIP = NO;
				DEBUG_INFORMATION_FORMAT = dwarf;
				ENABLE_STRICT_OBJC_MSGSEND = YES;
				ENABLE_TESTABILITY = YES;
				GCC_C_LANGUAGE_STANDARD = gnu99;
				GCC_DYNAMIC_NO_PIC = NO;
				GCC_NO_COMMON_BLOCKS = YES;
				GCC_OPTIMIZATION_LEVEL = 0;
				GCC_PREPROCESSOR_DEFINITIONS = (
					"DEBUG=1",
					"$(inherited)",
				);
				GCC_WARN_64_TO_32_BIT_CONVERSION = YES;
				GCC_WARN_ABOUT_RETURN_TYPE = YES_ERROR;
				GCC_WARN_UNDECLARED_SELECTOR = YES;
				GCC_WARN_UNINITIALIZED_AUTOS = YES_AGGRESSIVE;
				GCC_WARN_UNUSED_FUNCTION = YES;
				GCC_WARN_UNUSED_VARIABLE = YES;
				IPHONEOS_DEPLOYMENT_TARGET = 9.3;
				MTL_ENABLE_DEBUG_INFO = YES;
				ONLY_ACTIVE_ARCH = YES;
				SDKROOT = iphoneos;
			};
			name = Debug;
		};
		D5C317BA1CA11D1100CBE6CD /* Release */ = {
			isa = XCBuildConfiguration;
			buildSettings = {
				ALWAYS_SEARCH_USER_PATHS = NO;
				CLANG_ANALYZER_NONNULL = YES;
				CLANG_CXX_LANGUAGE_STANDARD = "gnu++0x";
				CLANG_CXX_LIBRARY = "libc++";
				CLANG_ENABLE_MODULES = YES;
				CLANG_ENABLE_OBJC_ARC = YES;
				CLANG_WARN_BOOL_CONVERSION = YES;
				CLANG_WARN_CONSTANT_CONVERSION = YES;
				CLANG_WARN_DIRECT_OBJC_ISA_USAGE = YES_ERROR;
				CLANG_WARN_EMPTY_BODY = YES;
				CLANG_WARN_ENUM_CONVERSION = YES;
				CLANG_WARN_INT_CONVERSION = YES;
				CLANG_WARN_OBJC_ROOT_CLASS = YES_ERROR;
				CLANG_WARN_UNREACHABLE_CODE = YES;
				CLANG_WARN__DUPLICATE_METHOD_MATCH = YES;
				"CODE_SIGN_IDENTITY[sdk=iphoneos*]" = "iPhone Developer";
				COPY_PHASE_STRIP = NO;
				DEBUG_INFORMATION_FORMAT = "dwarf-with-dsym";
				ENABLE_NS_ASSERTIONS = NO;
				ENABLE_STRICT_OBJC_MSGSEND = YES;
				GCC_C_LANGUAGE_STANDARD = gnu99;
				GCC_NO_COMMON_BLOCKS = YES;
				GCC_WARN_64_TO_32_BIT_CONVERSION = YES;
				GCC_WARN_ABOUT_RETURN_TYPE = YES_ERROR;
				GCC_WARN_UNDECLARED_SELECTOR = YES;
				GCC_WARN_UNINITIALIZED_AUTOS = YES_AGGRESSIVE;
				GCC_WARN_UNUSED_FUNCTION = YES;
				GCC_WARN_UNUSED_VARIABLE = YES;
				IPHONEOS_DEPLOYMENT_TARGET = 9.3;
				MTL_ENABLE_DEBUG_INFO = NO;
				SDKROOT = iphoneos;
				VALIDATE_PRODUCT = YES;
			};
			name = Release;
		};
		D5C317BC1CA11D1100CBE6CD /* Debug */ = {
			isa = XCBuildConfiguration;
			buildSettings = {
				ASSETCATALOG_COMPILER_APPICON_NAME = AppIcon;
				INFOPLIST_FILE = CalculatorApp2/Info.plist;
				LD_RUNPATH_SEARCH_PATHS = "$(inherited) @executable_path/Frameworks";
				PRODUCT_BUNDLE_IDENTIFIER = com.lifeshortcut.CalculatorApp2;
				PRODUCT_NAME = "$(TARGET_NAME)";
			};
			name = Debug;
		};
		D5C317BD1CA11D1100CBE6CD /* Release */ = {
			isa = XCBuildConfiguration;
			buildSettings = {
				ASSETCATALOG_COMPILER_APPICON_NAME = AppIcon;
				INFOPLIST_FILE = CalculatorApp2/Info.plist;
				LD_RUNPATH_SEARCH_PATHS = "$(inherited) @executable_path/Frameworks";
				PRODUCT_BUNDLE_IDENTIFIER = com.lifeshortcut.CalculatorApp2;
				PRODUCT_NAME = "$(TARGET_NAME)";
			};
			name = Release;
		};
/* End XCBuildConfiguration section */

/* Begin XCConfigurationList section */
		D5C3179F1CA11D1100CBE6CD /* Build configuration list for PBXProject "CalculatorApp2" */ = {
			isa = XCConfigurationList;
			buildConfigurations = (
				D5C317B91CA11D1100CBE6CD /* Debug */,
				D5C317BA1CA11D1100CBE6CD /* Release */,
			);
			defaultConfigurationIsVisible = 0;
			defaultConfigurationName = Release;
		};
		D5C317BB1CA11D1100CBE6CD /* Build configuration list for PBXNativeTarget "CalculatorApp2" */ = {
			isa = XCConfigurationList;
			buildConfigurations = (
				D5C317BC1CA11D1100CBE6CD /* Debug */,
				D5C317BD1CA11D1100CBE6CD /* Release */,
			);
			defaultConfigurationIsVisible = 0;
		};
/* End XCConfigurationList section */
	};
	rootObject = D5C3179C1CA11D1100CBE6CD /* Project object */;
}
